
Microsoft Visual Studio Solution File, Format Version 12.00
# Visual Studio Version 17
VisualStudioVersion = 17.11.35327.3
MinimumVisualStudioVersion = 10.0.40219.1
Project("{FAE04EC0-301F-11D3-BF4B-00C04F79EFBC}") = "AdoCrudProduct-Four", "AdoCrudProduct-Four\AdoCrudProduct-Four.csproj", "{1E2D0200-724E-40B9-A6DB-A846B96974DB}"
EndProject
Global
	GlobalSection(SolutionConfigurationPlatforms) = preSolution
		Debug|Any CPU = Debug|Any CPU
		Release|Any CPU = Release|Any CPU
	EndGlobalSection
	GlobalSection(ProjectConfigurationPlatforms) = postSolution
		{1E2D0200-724E-40B9-A6DB-A846B96974DB}.Debug|Any CPU.ActiveCfg = Debug|Any CPU
		{1E2D0200-724E-40B9-A6DB-A846B96974DB}.Debug|Any CPU.Build.0 = Debug|Any CPU
		{1E2D0200-724E-40B9-A6DB-A846B96974DB}.Release|Any CPU.ActiveCfg = Release|Any CPU
		{1E2D0200-724E-40B9-A6DB-A846B96974DB}.Release|Any CPU.Build.0 = Release|Any CPU
	EndGlobalSection
	GlobalSection(SolutionProperties) = preSolution
		HideSolutionNode = FALSE
	EndGlobalSection
	GlobalSection(ExtensibilityGlobals) = postSolution
		SolutionGuid = {C2950198-0C00-44FB-A7EC-C73F6C4213C8}
	EndGlobalSection
EndGlobal
